
Microsoft Visual Studio Solution File, Format Version 12.00
# Visual Studio 15
VisualStudioVersion = 15.0.27703.2042
MinimumVisualStudioVersion = 10.0.40219.1
Project("{FAE04EC0-301F-11D3-BF4B-00C04F79EFBC}") = "SplashMakerSwitch", "SplashMakerSwitch\SplashMakerSwitch.csproj", "{1C69615E-70B2-44D6-9B14-E8E96A3156C9}"
EndProject
Global
	GlobalSection(SolutionConfigurationPlatforms) = preSolution
		Debug|Any CPU = Debug|Any CPU
		Release|Any CPU = Release|Any CPU
	EndGlobalSection
	GlobalSection(ProjectConfigurationPlatforms) = postSolution
		{1C69615E-70B2-44D6-9B14-E8E96A3156C9}.Debug|Any CPU.ActiveCfg = Debug|Any CPU
		{1C69615E-70B2-44D6-9B14-E8E96A3156C9}.Debug|Any CPU.Build.0 = Debug|Any CPU
		{1C69615E-70B2-44D6-9B14-E8E96A3156C9}.Release|Any CPU.ActiveCfg = Release|Any CPU
		{1C69615E-70B2-44D6-9B14-E8E96A3156C9}.Release|Any CPU.Build.0 = Release|Any CPU
	EndGlobalSection
	GlobalSection(SolutionProperties) = preSolution
		HideSolutionNode = FALSE
	EndGlobalSection
	GlobalSection(ExtensibilityGlobals) = postSolution
		SolutionGuid = {46F436F0-52C3-4325-8C9F-4EC6E92065C1}
	EndGlobalSection
EndGlobal
